
Microsoft Visual Studio Solution File, Format Version 12.00
# Visual Studio Version 16
VisualStudioVersion = 16.0.31729.503
MinimumVisualStudioVersion = 10.0.40219.1
Project("{FAE04EC0-301F-11D3-BF4B-00C04F79EFBC}") = "Zadanie_1", "Zadanie_1\Zadanie_1.csproj", "{9591B27E-C8AE-4D75-96DD-B57189DB0C22}"
EndProject
Project("{FAE04EC0-301F-11D3-BF4B-00C04F79EFBC}") = "Zadanie_1.1", "Zadanie_1.1\Zadanie_1.1.csproj", "{A12A5AA4-1F23-4745-894A-CE9B1F596D4A}"
EndProject
Project("{FAE04EC0-301F-11D3-BF4B-00C04F79EFBC}") = "Zadanie_1.2", "Zadanie_1.2\Zadanie_1.2.csproj", "{0CAD928E-2229-4EDD-A778-01B300D1A783}"
EndProject
Project("{FAE04EC0-301F-11D3-BF4B-00C04F79EFBC}") = "Zadanie_2", "Zadanie_2\Zadanie_2.csproj", "{7F4B8EC2-2D0D-4C42-9FC5-32FB5D13C91F}"
EndProject
Project("{FAE04EC0-301F-11D3-BF4B-00C04F79EFBC}") = "Zadanie_2.1", "Zadanie_2.1\Zadanie_2.1.csproj", "{16AE43FA-87E8-4C49-96B8-AB2049C94A07}"
EndProject
Project("{FAE04EC0-301F-11D3-BF4B-00C04F79EFBC}") = "Zadanie_2.2", "Zadanie_2.2\Zadanie_2.2.csproj", "{A5AE3CA1-429F-401D-BEA1-CF1A7CE574D5}"
EndProject
Project("{FAE04EC0-301F-11D3-BF4B-00C04F79EFBC}") = "Zadanie_2.3", "Zadanie_2.3\Zadanie_2.3.csproj", "{35DADCB0-099D-4029-817F-CC21D0F47DC7}"
EndProject
Project("{FAE04EC0-301F-11D3-BF4B-00C04F79EFBC}") = "Zadanie_3", "Zadanie_3\Zadanie_3.csproj", "{F8677AB5-8E5C-4692-BB87-3B7EEFEABFC5}"
EndProject
Project("{FAE04EC0-301F-11D3-BF4B-00C04F79EFBC}") = "Zadanie_3.1", "Zadanie_3.1\Zadanie_3.1.csproj", "{72C81933-A285-4419-94D1-123A435C96D9}"
EndProject
Project("{FAE04EC0-301F-11D3-BF4B-00C04F79EFBC}") = "Zadanie_3.2", "Zadanie_3.2\Zadanie_3.2.csproj", "{1AD80A15-7E82-4700-8CE4-E588EC44EDE7}"
EndProject
Project("{FAE04EC0-301F-11D3-BF4B-00C04F79EFBC}") = "Zadanie_3.3", "Zadanie_3.3\Zadanie_3.3.csproj", "{806F7E61-593C-4826-AB23-B8DF86443491}"
EndProject
Project("{FAE04EC0-301F-11D3-BF4B-00C04F79EFBC}") = "Zadanie_4", "Zadanie_4\Zadanie_4.csproj", "{648039F6-22A9-4F18-9E4F-E12BA5D2F7CC}"
EndProject
Project("{FAE04EC0-301F-11D3-BF4B-00C04F79EFBC}") = "Zadanie_4.1,2,3", "Zadanie_4.1\Zadanie_4.1,2,3.csproj", "{8738D7EE-E5B2-4243-A7B5-EEC58021723C}"
EndProject
Global
	GlobalSection(SolutionConfigurationPlatforms) = preSolution
		Debug|Any CPU = Debug|Any CPU
		Release|Any CPU = Release|Any CPU
	EndGlobalSection
	GlobalSection(ProjectConfigurationPlatforms) = postSolution
		{9591B27E-C8AE-4D75-96DD-B57189DB0C22}.Debug|Any CPU.ActiveCfg = Debug|Any CPU
		{9591B27E-C8AE-4D75-96DD-B57189DB0C22}.Debug|Any CPU.Build.0 = Debug|Any CPU
		{9591B27E-C8AE-4D75-96DD-B57189DB0C22}.Release|Any CPU.ActiveCfg = Release|Any CPU
		{9591B27E-C8AE-4D75-96DD-B57189DB0C22}.Release|Any CPU.Build.0 = Release|Any CPU
		{A12A5AA4-1F23-4745-894A-CE9B1F596D4A}.Debug|Any CPU.ActiveCfg = Debug|Any CPU
		{A12A5AA4-1F23-4745-894A-CE9B1F596D4A}.Debug|Any CPU.Build.0 = Debug|Any CPU
		{A12A5AA4-1F23-4745-894A-CE9B1F596D4A}.Release|Any CPU.ActiveCfg = Release|Any CPU
		{A12A5AA4-1F23-4745-894A-CE9B1F596D4A}.Release|Any CPU.Build.0 = Release|Any CPU
		{0CAD928E-2229-4EDD-A778-01B300D1A783}.Debug|Any CPU.ActiveCfg = Debug|Any CPU
		{0CAD928E-2229-4EDD-A778-01B300D1A783}.Debug|Any CPU.Build.0 = Debug|Any CPU
		{0CAD928E-2229-4EDD-A778-01B300D1A783}.Release|Any CPU.ActiveCfg = Release|Any CPU
		{0CAD928E-2229-4EDD-A778-01B300D1A783}.Release|Any CPU.Build.0 = Release|Any CPU
		{7F4B8EC2-2D0D-4C42-9FC5-32FB5D13C91F}.Debug|Any CPU.ActiveCfg = Debug|Any CPU
		{7F4B8EC2-2D0D-4C42-9FC5-32FB5D13C91F}.Debug|Any CPU.Build.0 = Debug|Any CPU
		{7F4B8EC2-2D0D-4C42-9FC5-32FB5D13C91F}.Release|Any CPU.ActiveCfg = Release|Any CPU
		{7F4B8EC2-2D0D-4C42-9FC5-32FB5D13C91F}.Release|Any CPU.Build.0 = Release|Any CPU
		{16AE43FA-87E8-4C49-96B8-AB2049C94A07}.Debug|Any CPU.ActiveCfg = Debug|Any CPU
		{16AE43FA-87E8-4C49-96B8-AB2049C94A07}.Debug|Any CPU.Build.0 = Debug|Any CPU
		{16AE43FA-87E8-4C49-96B8-AB2049C94A07}.Release|Any CPU.ActiveCfg = Release|Any CPU
		{16AE43FA-87E8-4C49-96B8-AB2049C94A07}.Release|Any CPU.Build.0 = Release|Any CPU
		{A5AE3CA1-429F-401D-BEA1-CF1A7CE574D5}.Debug|Any CPU.ActiveCfg = Debug|Any CPU
		{A5AE3CA1-429F-401D-BEA1-CF1A7CE574D5}.Debug|Any CPU.Build.0 = Debug|Any CPU
		{A5AE3CA1-429F-401D-BEA1-CF1A7CE574D5}.Release|Any CPU.ActiveCfg = Release|Any CPU
		{A5AE3CA1-429F-401D-BEA1-CF1A7CE574D5}.Release|Any CPU.Build.0 = Release|Any CPU
		{35DADCB0-099D-4029-817F-CC21D0F47DC7}.Debug|Any CPU.ActiveCfg = Debug|Any CPU
		{35DADCB0-099D-4029-817F-CC21D0F47DC7}.Debug|Any CPU.Build.0 = Debug|Any CPU
		{35DADCB0-099D-4029-817F-CC21D0F47DC7}.Release|Any CPU.ActiveCfg = Release|Any CPU
		{35DADCB0-099D-4029-817F-CC21D0F47DC7}.Release|Any CPU.Build.0 = Release|Any CPU
		{F8677AB5-8E5C-4692-BB87-3B7EEFEABFC5}.Debug|Any CPU.ActiveCfg = Debug|Any CPU
		{F8677AB5-8E5C-4692-BB87-3B7EEFEABFC5}.Debug|Any CPU.Build.0 = Debug|Any CPU
		{F8677AB5-8E5C-4692-BB87-3B7EEFEABFC5}.Release|Any CPU.ActiveCfg = Release|Any CPU
		{F8677AB5-8E5C-4692-BB87-3B7EEFEABFC5}.Release|Any CPU.Build.0 = Release|Any CPU
		{72C81933-A285-4419-94D1-123A435C96D9}.Debug|Any CPU.ActiveCfg = Debug|Any CPU
		{72C81933-A285-4419-94D1-123A435C96D9}.Debug|Any CPU.Build.0 = Debug|Any CPU
		{72C81933-A285-4419-94D1-123A435C96D9}.Release|Any CPU.ActiveCfg = Release|Any CPU
		{72C81933-A285-4419-94D1-123A435C96D9}.Release|Any CPU.Build.0 = Release|Any CPU
		{1AD80A15-7E82-4700-8CE4-E588EC44EDE7}.Debug|Any CPU.ActiveCfg = Debug|Any CPU
		{1AD80A15-7E82-4700-8CE4-E588EC44EDE7}.Debug|Any CPU.Build.0 = Debug|Any CPU
		{1AD80A15-7E82-4700-8CE4-E588EC44EDE7}.Release|Any CPU.ActiveCfg = Release|Any CPU
		{1AD80A15-7E82-4700-8CE4-E588EC44EDE7}.Release|Any CPU.Build.0 = Release|Any CPU
		{806F7E61-593C-4826-AB23-B8DF86443491}.Debug|Any CPU.ActiveCfg = Debug|Any CPU
		{806F7E61-593C-4826-AB23-B8DF86443491}.Debug|Any CPU.Build.0 = Debug|Any CPU
		{806F7E61-593C-4826-AB23-B8DF86443491}.Release|Any CPU.ActiveCfg = Release|Any CPU
		{806F7E61-593C-4826-AB23-B8DF86443491}.Release|Any CPU.Build.0 = Release|Any CPU
		{648039F6-22A9-4F18-9E4F-E12BA5D2F7CC}.Debug|Any CPU.ActiveCfg = Debug|Any CPU
		{648039F6-22A9-4F18-9E4F-E12BA5D2F7CC}.Debug|Any CPU.Build.0 = Debug|Any CPU
		{648039F6-22A9-4F18-9E4F-E12BA5D2F7CC}.Release|Any CPU.ActiveCfg = Release|Any CPU
		{648039F6-22A9-4F18-9E4F-E12BA5D2F7CC}.Release|Any CPU.Build.0 = Release|Any CPU
		{8738D7EE-E5B2-4243-A7B5-EEC58021723C}.Debug|Any CPU.ActiveCfg = Debug|Any CPU
		{8738D7EE-E5B2-4243-A7B5-EEC58021723C}.Debug|Any CPU.Build.0 = Debug|Any CPU
		{8738D7EE-E5B2-4243-A7B5-EEC58021723C}.Release|Any CPU.ActiveCfg = Release|Any CPU
		{8738D7EE-E5B2-4243-A7B5-EEC58021723C}.Release|Any CPU.Build.0 = Release|Any CPU
	EndGlobalSection
	GlobalSection(SolutionProperties) = preSolution
		HideSolutionNode = FALSE
	EndGlobalSection
	GlobalSection(ExtensibilityGlobals) = postSolution
		SolutionGuid = {56135674-28E2-45A7-A4F2-AA480F4C6914}
	EndGlobalSection
EndGlobal
